
Microsoft Visual Studio Solution File, Format Version 12.00
# Visual Studio Version 17
VisualStudioVersion = 17.9.34616.47
MinimumVisualStudioVersion = 10.0.40219.1
Project("{F184B08F-C81C-45F6-A57F-5ABD9991F28F}") = "Pythagorean_Theorem", "Pythagorean_Theorem\Pythagorean_Theorem.vbproj", "{56AACD6A-A805-4499-A284-64B5D274A642}"
EndProject
Global
	GlobalSection(SolutionConfigurationPlatforms) = preSolution
		Debug|Any CPU = Debug|Any CPU
		Release|Any CPU = Release|Any CPU
	EndGlobalSection
	GlobalSection(ProjectConfigurationPlatforms) = postSolution
		{56AACD6A-A805-4499-A284-64B5D274A642}.Debug|Any CPU.ActiveCfg = Debug|Any CPU
		{56AACD6A-A805-4499-A284-64B5D274A642}.Debug|Any CPU.Build.0 = Debug|Any CPU
		{56AACD6A-A805-4499-A284-64B5D274A642}.Release|Any CPU.ActiveCfg = Release|Any CPU
		{56AACD6A-A805-4499-A284-64B5D274A642}.Release|Any CPU.Build.0 = Release|Any CPU
	EndGlobalSection
	GlobalSection(SolutionProperties) = preSolution
		HideSolutionNode = FALSE
	EndGlobalSection
	GlobalSection(ExtensibilityGlobals) = postSolution
		SolutionGuid = {DB90F1DC-A652-4DF1-8D00-19AEB194E949}
	EndGlobalSection
EndGlobal
